
Microsoft Visual Studio Solution File, Format Version 11.00
# Visual Studio 2010
Project("{FAE04EC0-301F-11D3-BF4B-00C04F79EFBC}") = "Gibbed.IO", "projects\Gibbed.IO\Gibbed.IO.csproj", "{047857BA-DAA3-4CA7-AFB8-A1B082B28C6A}"
EndProject
Project("{FAE04EC0-301F-11D3-BF4B-00C04F79EFBC}") = "Gibbed.Yakuza0.Unpack", "projects\Gibbed.Yakuza0.Unpack\Gibbed.Yakuza0.Unpack.csproj", "{3B53F590-4099-414D-8660-75AE985D0D06}"
EndProject
Project("{2150E333-8FDC-42A3-9474-1A3956D46DE8}") = "misc", "misc", "{ED964C8B-2AC8-44BB-8F4A-C1E7987E2B4E}"
EndProject
Project("{FAE04EC0-301F-11D3-BF4B-00C04F79EFBC}") = "NDesk.Options", "projects\NDesk.Options\NDesk.Options.csproj", "{C98A6CD6-9422-4B35-8B7A-F520D75534D1}"
EndProject
Project("{FAE04EC0-301F-11D3-BF4B-00C04F79EFBC}") = "Gibbed.Yakuza0.FileFormats", "projects\Gibbed.Yakuza0.FileFormats\Gibbed.Yakuza0.FileFormats.csproj", "{C5640E12-1234-45B2-8127-33C50BF47015}"
EndProject
Project("{FAE04EC0-301F-11D3-BF4B-00C04F79EFBC}") = "Gibbed.Yakuza0.Pack", "projects\Gibbed.Yakuza0.Pack\Gibbed.Yakuza0.Pack.csproj", "{87F6F0D0-59EE-4997-8A50-2888C1DDF5A0}"
EndProject
Global
	GlobalSection(SolutionConfigurationPlatforms) = preSolution
		Debug|Any CPU = Debug|Any CPU
		Debug|Mixed Platforms = Debug|Mixed Platforms
		Debug|x86 = Debug|x86
		Release|Any CPU = Release|Any CPU
		Release|Mixed Platforms = Release|Mixed Platforms
		Release|x86 = Release|x86
	EndGlobalSection
	GlobalSection(ProjectConfigurationPlatforms) = postSolution
		{047857BA-DAA3-4CA7-AFB8-A1B082B28C6A}.Debug|Any CPU.ActiveCfg = Debug|Any CPU
		{047857BA-DAA3-4CA7-AFB8-A1B082B28C6A}.Debug|Any CPU.Build.0 = Debug|Any CPU
		{047857BA-DAA3-4CA7-AFB8-A1B082B28C6A}.Debug|Mixed Platforms.ActiveCfg = Debug|Any CPU
		{047857BA-DAA3-4CA7-AFB8-A1B082B28C6A}.Debug|Mixed Platforms.Build.0 = Debug|Any CPU
		{047857BA-DAA3-4CA7-AFB8-A1B082B28C6A}.Debug|x86.ActiveCfg = Debug|Any CPU
		{047857BA-DAA3-4CA7-AFB8-A1B082B28C6A}.Release|Any CPU.ActiveCfg = Release|Any CPU
		{047857BA-DAA3-4CA7-AFB8-A1B082B28C6A}.Release|Any CPU.Build.0 = Release|Any CPU
		{047857BA-DAA3-4CA7-AFB8-A1B082B28C6A}.Release|Mixed Platforms.ActiveCfg = Release|Any CPU
		{047857BA-DAA3-4CA7-AFB8-A1B082B28C6A}.Release|Mixed Platforms.Build.0 = Release|Any CPU
		{047857BA-DAA3-4CA7-AFB8-A1B082B28C6A}.Release|x86.ActiveCfg = Release|Any CPU
		{3B53F590-4099-414D-8660-75AE985D0D06}.Debug|Any CPU.ActiveCfg = Debug|x86
		{3B53F590-4099-414D-8660-75AE985D0D06}.Debug|Mixed Platforms.ActiveCfg = Debug|x86
		{3B53F590-4099-414D-8660-75AE985D0D06}.Debug|Mixed Platforms.Build.0 = Debug|x86
		{3B53F590-4099-414D-8660-75AE985D0D06}.Debug|x86.ActiveCfg = Debug|x86
		{3B53F590-4099-414D-8660-75AE985D0D06}.Debug|x86.Build.0 = Debug|x86
		{3B53F590-4099-414D-8660-75AE985D0D06}.Release|Any CPU.ActiveCfg = Release|x86
		{3B53F590-4099-414D-8660-75AE985D0D06}.Release|Mixed Platforms.ActiveCfg = Release|x86
		{3B53F590-4099-414D-8660-75AE985D0D06}.Release|Mixed Platforms.Build.0 = Release|x86
		{3B53F590-4099-414D-8660-75AE985D0D06}.Release|x86.ActiveCfg = Release|x86
		{3B53F590-4099-414D-8660-75AE985D0D06}.Release|x86.Build.0 = Release|x86
		{C98A6CD6-9422-4B35-8B7A-F520D75534D1}.Debug|Any CPU.ActiveCfg = Debug|Any CPU
		{C98A6CD6-9422-4B35-8B7A-F520D75534D1}.Debug|Any CPU.Build.0 = Debug|Any CPU
		{C98A6CD6-9422-4B35-8B7A-F520D75534D1}.Debug|Mixed Platforms.ActiveCfg = Debug|Any CPU
		{C98A6CD6-9422-4B35-8B7A-F520D75534D1}.Debug|Mixed Platforms.Build.0 = Debug|Any CPU
		{C98A6CD6-9422-4B35-8B7A-F520D75534D1}.Debug|x86.ActiveCfg = Debug|Any CPU
		{C98A6CD6-9422-4B35-8B7A-F520D75534D1}.Release|Any CPU.ActiveCfg = Release|Any CPU
		{C98A6CD6-9422-4B35-8B7A-F520D75534D1}.Release|Any CPU.Build.0 = Release|Any CPU
		{C98A6CD6-9422-4B35-8B7A-F520D75534D1}.Release|Mixed Platforms.ActiveCfg = Release|Any CPU
		{C98A6CD6-9422-4B35-8B7A-F520D75534D1}.Release|Mixed Platforms.Build.0 = Release|Any CPU
		{C98A6CD6-9422-4B35-8B7A-F520D75534D1}.Release|x86.ActiveCfg = Release|Any CPU
		{C5640E12-1234-45B2-8127-33C50BF47015}.Debug|Any CPU.ActiveCfg = Debug|Any CPU
		{C5640E12-1234-45B2-8127-33C50BF47015}.Debug|Any CPU.Build.0 = Debug|Any CPU
		{C5640E12-1234-45B2-8127-33C50BF47015}.Debug|Mixed Platforms.ActiveCfg = Debug|Any CPU
		{C5640E12-1234-45B2-8127-33C50BF47015}.Debug|Mixed Platforms.Build.0 = Debug|Any CPU
		{C5640E12-1234-45B2-8127-33C50BF47015}.Debug|x86.ActiveCfg = Debug|Any CPU
		{C5640E12-1234-45B2-8127-33C50BF47015}.Release|Any CPU.ActiveCfg = Release|Any CPU
		{C5640E12-1234-45B2-8127-33C50BF47015}.Release|Any CPU.Build.0 = Release|Any CPU
		{C5640E12-1234-45B2-8127-33C50BF47015}.Release|Mixed Platforms.ActiveCfg = Release|Any CPU
		{C5640E12-1234-45B2-8127-33C50BF47015}.Release|Mixed Platforms.Build.0 = Release|Any CPU
		{C5640E12-1234-45B2-8127-33C50BF47015}.Release|x86.ActiveCfg = Release|Any CPU
		{87F6F0D0-59EE-4997-8A50-2888C1DDF5A0}.Debug|Any CPU.ActiveCfg = Debug|x86
		{87F6F0D0-59EE-4997-8A50-2888C1DDF5A0}.Debug|Mixed Platforms.ActiveCfg = Debug|x86
		{87F6F0D0-59EE-4997-8A50-2888C1DDF5A0}.Debug|Mixed Platforms.Build.0 = Debug|x86
		{87F6F0D0-59EE-4997-8A50-2888C1DDF5A0}.Debug|x86.ActiveCfg = Debug|x86
		{87F6F0D0-59EE-4997-8A50-2888C1DDF5A0}.Debug|x86.Build.0 = Debug|x86
		{87F6F0D0-59EE-4997-8A50-2888C1DDF5A0}.Release|Any CPU.ActiveCfg = Release|x86
		{87F6F0D0-59EE-4997-8A50-2888C1DDF5A0}.Release|Mixed Platforms.ActiveCfg = Release|x86
		{87F6F0D0-59EE-4997-8A50-2888C1DDF5A0}.Release|Mixed Platforms.Build.0 = Release|x86
		{87F6F0D0-59EE-4997-8A50-2888C1DDF5A0}.Release|x86.ActiveCfg = Release|x86
		{87F6F0D0-59EE-4997-8A50-2888C1DDF5A0}.Release|x86.Build.0 = Release|x86
	EndGlobalSection
	GlobalSection(SolutionProperties) = preSolution
		HideSolutionNode = FALSE
	EndGlobalSection
	GlobalSection(NestedProjects) = preSolution
		{047857BA-DAA3-4CA7-AFB8-A1B082B28C6A} = {ED964C8B-2AC8-44BB-8F4A-C1E7987E2B4E}
		{C98A6CD6-9422-4B35-8B7A-F520D75534D1} = {ED964C8B-2AC8-44BB-8F4A-C1E7987E2B4E}
	EndGlobalSection
EndGlobal
